{
  "version": 4,
  "terraform_version": "1.12.2",
  "serial": 404,
  "lineage": "872b36e1-0e30-9157-fc26-95d33563827e",
  "outputs": {},
  "resources": [
    {
      "mode": "managed",
      "type": "aws_iam_policy",
      "name": "lambda_s3_policy",
      "provider": "provider[\"registry.terraform.io/hashicorp/aws\"]",
      "instances": [
        {
          "schema_version": 0,
          "attributes": {
            "arn": "arn:aws:iam::992824239500:policy/lambda_s3_policy",
            "attachment_count": 0,
            "description": "",
            "id": "arn:aws:iam::992824239500:policy/lambda_s3_policy",
            "name": "lambda_s3_policy",
            "name_prefix": "",
            "path": "/",
            "policy": "{\"Statement\":[{\"Action\":[\"s3:Get*\",\"s3:List*\",\"s3:Describe*\",\"s3-object-lambda:Get*\",\"s3-object-lambda:List*\"],\"Effect\":\"Allow\",\"Resource\":[\"arn:aws:s3:::assignement-bucket-fadi7-2\",\"arn:aws:s3:::assignement-bucket-fadi7-2/*\"]},{\"Action\":\"sns:Publish\",\"Effect\":\"Allow\",\"Resource\":\"arn:aws:sns:eu-central-1:992824239500:user-notifications\"}],\"Version\":\"2012-10-17\"}",
            "policy_id": "ANPA6OKHPUWGBAPIWYGYP",
            "tags": null,
            "tags_all": {}
          },
          "sensitive_attributes": [],
          "identity_schema_version": 0,
          "private": "bnVsbA==",
          "dependencies": [
            "aws_sns_topic.assign_topic"
          ]
        }
      ]
    },
    {
      "mode": "managed",
      "type": "aws_iam_role",
      "name": "assign_iam",
      "provider": "provider[\"registry.terraform.io/hashicorp/aws\"]",
      "instances": [
        {
          "schema_version": 0,
          "attributes": {
            "arn": "arn:aws:iam::992824239500:role/terraform-20250708215307083000000001",
            "assume_role_policy": "{\"Statement\":[{\"Action\":\"sts:AssumeRole\",\"Effect\":\"Allow\",\"Principal\":{\"Service\":\"lambda.amazonaws.com\"}}],\"Version\":\"2012-10-17\"}",
            "create_date": "2025-07-08T21:53:08Z",
            "description": "",
            "force_detach_policies": false,
            "id": "terraform-20250708215307083000000001",
            "inline_policy": [],
            "managed_policy_arns": [],
            "max_session_duration": 3600,
            "name": "terraform-20250708215307083000000001",
            "name_prefix": "terraform-",
            "path": "/",
            "permissions_boundary": "",
            "tags": {
              "Name": "LambdaAssignmentRole"
            },
            "tags_all": {
              "Name": "LambdaAssignmentRole"
            },
            "unique_id": "AROA6OKHPUWGDP26USFN4"
          },
          "sensitive_attributes": [],
          "identity_schema_version": 0,
          "identity": {
            "account_id": "992824239500",
            "name": "terraform-20250708215307083000000001"
          },
          "private": "bnVsbA=="
        }
      ]
    },
    {
      "mode": "managed",
      "type": "aws_iam_role_policy_attachment",
      "name": "test_attach",
      "provider": "provider[\"registry.terraform.io/hashicorp/aws\"]",
      "instances": [
        {
          "schema_version": 0,
          "attributes": {
            "id": "terraform-20250708215307083000000001/arn:aws:iam::992824239500:policy/lambda_s3_policy",
            "policy_arn": "arn:aws:iam::992824239500:policy/lambda_s3_policy",
            "role": "terraform-20250708215307083000000001"
          },
          "sensitive_attributes": [],
          "identity_schema_version": 0,
          "identity": {
            "account_id": "992824239500",
            "policy_arn": "arn:aws:iam::992824239500:policy/lambda_s3_policy",
            "role": "terraform-20250708215307083000000001"
          },
          "private": "bnVsbA==",
          "dependencies": [
            "aws_iam_policy.lambda_s3_policy",
            "aws_iam_role.assign_iam",
            "aws_sns_topic.assign_topic"
          ]
        }
      ]
    },
    {
      "mode": "managed",
      "type": "aws_lambda_function",
      "name": "s3_lambda",
      "provider": "provider[\"registry.terraform.io/hashicorp/aws\"]",
      "instances": [
        {
          "schema_version": 0,
          "attributes": {
            "architectures": [
              "x86_64"
            ],
            "arn": "arn:aws:lambda:eu-central-1:992824239500:function:list-s3-files-2",
            "code_sha256": "dbH6qRk8PkH4M2v0MrVXGUWSQUi1GMaL9fEdpT7NaSw=",
            "code_signing_config_arn": "",
            "dead_letter_config": [],
            "description": "",
            "environment": [
              {
                "variables": {
                  "BUCKET_NAME": "assignement-bucket-fadi7-2",
                  "SNS_TOPIC": "arn:aws:sns:eu-central-1:992824239500:user-notifications"
                }
              }
            ],
            "ephemeral_storage": [
              {
                "size": 512
              }
            ],
            "file_system_config": [],
            "filename": "lambda_function_payload.zip",
            "function_name": "list-s3-files-2",
            "handler": "lambda_function.lambda_handler",
            "id": "list-s3-files-2",
            "image_config": [],
            "image_uri": "",
            "invoke_arn": "arn:aws:apigateway:eu-central-1:lambda:path/2015-03-31/functions/arn:aws:lambda:eu-central-1:992824239500:function:list-s3-files-2/invocations",
            "kms_key_arn": "",
            "last_modified": "2025-07-08T21:53:19.214+0000",
            "layers": null,
            "logging_config": [
              {
                "application_log_level": "",
                "log_format": "Text",
                "log_group": "/aws/lambda/list-s3-files-2",
                "system_log_level": ""
              }
            ],
            "memory_size": 128,
            "package_type": "Zip",
            "publish": false,
            "qualified_arn": "arn:aws:lambda:eu-central-1:992824239500:function:list-s3-files-2:$LATEST",
            "qualified_invoke_arn": "arn:aws:apigateway:eu-central-1:lambda:path/2015-03-31/functions/arn:aws:lambda:eu-central-1:992824239500:function:list-s3-files-2:$LATEST/invocations",
            "region": "eu-central-1",
            "replace_security_groups_on_destroy": null,
            "replacement_security_group_ids": null,
            "reserved_concurrent_executions": -1,
            "role": "arn:aws:iam::992824239500:role/terraform-20250708215307083000000001",
            "runtime": "python3.12",
            "s3_bucket": null,
            "s3_key": null,
            "s3_object_version": null,
            "signing_job_arn": "",
            "signing_profile_version_arn": "",
            "skip_destroy": false,
            "snap_start": [],
            "source_code_hash": "",
            "source_code_size": 661,
            "tags": null,
            "tags_all": {},
            "timeout": 3,
            "timeouts": null,
            "tracing_config": [
              {
                "mode": "PassThrough"
              }
            ],
            "version": "$LATEST",
            "vpc_config": []
          },
          "sensitive_attributes": [],
          "identity_schema_version": 0,
          "private": "eyJlMmJmYjczMC1lY2FhLTExZTYtOGY4OC0zNDM2M2JjN2M0YzAiOnsiY3JlYXRlIjo2MDAwMDAwMDAwMDAsImRlbGV0ZSI6NjAwMDAwMDAwMDAwLCJ1cGRhdGUiOjYwMDAwMDAwMDAwMH19",
          "dependencies": [
            "aws_iam_role.assign_iam",
            "aws_s3_bucket.assign_bucket",
            "aws_sns_topic.assign_topic"
          ]
        }
      ]
    },
    {
      "mode": "managed",
      "type": "aws_lambda_permission",
      "name": "allow_s3",
      "provider": "provider[\"registry.terraform.io/hashicorp/aws\"]",
      "instances": [
        {
          "schema_version": 0,
          "attributes": {
            "action": "lambda:InvokeFunction",
            "event_source_token": null,
            "function_name": "list-s3-files-2",
            "function_url_auth_type": null,
            "id": "AllowExecutionFromS3",
            "principal": "s3.amazonaws.com",
            "principal_org_id": null,
            "qualifier": "",
            "region": "eu-central-1",
            "source_account": null,
            "source_arn": "arn:aws:s3:::assignement-bucket-fadi7-2",
            "statement_id": "AllowExecutionFromS3",
            "statement_id_prefix": ""
          },
          "sensitive_attributes": [],
          "identity_schema_version": 0,
          "private": "bnVsbA==",
          "dependencies": [
            "aws_iam_role.assign_iam",
            "aws_lambda_function.s3_lambda",
            "aws_s3_bucket.assign_bucket",
            "aws_sns_topic.assign_topic"
          ]
        }
      ]
    },
    {
      "mode": "managed",
      "type": "aws_s3_bucket",
      "name": "assign_bucket",
      "provider": "provider[\"registry.terraform.io/hashicorp/aws\"]",
      "instances": [
        {
          "schema_version": 0,
          "attributes": {
            "acceleration_status": "",
            "acl": null,
            "arn": "arn:aws:s3:::assignement-bucket-fadi7-2",
            "bucket": "assignement-bucket-fadi7-2",
            "bucket_domain_name": "assignement-bucket-fadi7-2.s3.amazonaws.com",
            "bucket_prefix": "",
            "bucket_region": "eu-central-1",
            "bucket_regional_domain_name": "assignement-bucket-fadi7-2.s3.eu-central-1.amazonaws.com",
            "cors_rule": [],
            "force_destroy": false,
            "grant": [
              {
                "id": "9a571a35840be26302f1cceec92d7eae6bd1eae37032e0e4464d65aeb3020bae",
                "permissions": [
                  "FULL_CONTROL"
                ],
                "type": "CanonicalUser",
                "uri": ""
              }
            ],
            "hosted_zone_id": "Z21DNDUVLTQW6Q",
            "id": "assignement-bucket-fadi7-2",
            "lifecycle_rule": [],
            "logging": [],
            "object_lock_configuration": [],
            "object_lock_enabled": false,
            "policy": "",
            "region": "eu-central-1",
            "replication_configuration": [],
            "request_payer": "BucketOwner",
            "server_side_encryption_configuration": [
              {
                "rule": [
                  {
                    "apply_server_side_encryption_by_default": [
                      {
                        "kms_master_key_id": "",
                        "sse_algorithm": "AES256"
                      }
                    ],
                    "bucket_key_enabled": false
                  }
                ]
              }
            ],
            "tags": {
              "Name": "assignement-bucket-fadi7-2"
            },
            "tags_all": {
              "Name": "assignement-bucket-fadi7-2"
            },
            "timeouts": null,
            "versioning": [
              {
                "enabled": false,
                "mfa_delete": false
              }
            ],
            "website": [],
            "website_domain": null,
            "website_endpoint": null
          },
          "sensitive_attributes": [],
          "identity_schema_version": 0,
          "identity": {
            "account_id": "992824239500",
            "bucket": "assignement-bucket-fadi7-2",
            "region": "eu-central-1"
          },
          "private": "eyJlMmJmYjczMC1lY2FhLTExZTYtOGY4OC0zNDM2M2JjN2M0YzAiOnsiY3JlYXRlIjoxMjAwMDAwMDAwMDAwLCJkZWxldGUiOjM2MDAwMDAwMDAwMDAsInJlYWQiOjEyMDAwMDAwMDAwMDAsInVwZGF0ZSI6MTIwMDAwMDAwMDAwMH19"
        }
      ]
    },
    {
      "mode": "managed",
      "type": "aws_s3_bucket_notification",
      "name": "s3_trigger",
      "provider": "provider[\"registry.terraform.io/hashicorp/aws\"]",
      "instances": [
        {
          "schema_version": 0,
          "attributes": {
            "bucket": "assignement-bucket-fadi7-2",
            "eventbridge": false,
            "id": "assignement-bucket-fadi7-2",
            "lambda_function": [
              {
                "events": [
                  "s3:ObjectCreated:*"
                ],
                "filter_prefix": "",
                "filter_suffix": "",
                "id": "tf-s3-lambda-20250708215325166900000002",
                "lambda_function_arn": "arn:aws:lambda:eu-central-1:992824239500:function:list-s3-files-2"
              }
            ],
            "queue": [],
            "region": "eu-central-1",
            "topic": []
          },
          "sensitive_attributes": [],
          "identity_schema_version": 0,
          "private": "bnVsbA==",
          "dependencies": [
            "aws_iam_role.assign_iam",
            "aws_lambda_function.s3_lambda",
            "aws_lambda_permission.allow_s3",
            "aws_s3_bucket.assign_bucket",
            "aws_sns_topic.assign_topic"
          ]
        }
      ]
    },
    {
      "mode": "managed",
      "type": "aws_s3_object",
      "name": "bucket_objects",
      "provider": "provider[\"registry.terraform.io/hashicorp/aws\"]",
      "instances": [
        {
          "index_key": "fsf",
          "schema_version": 0,
          "attributes": {
            "acl": null,
            "arn": "arn:aws:s3:::assignement-bucket-fadi7-2/fsf",
            "bucket": "assignement-bucket-fadi7-2",
            "bucket_key_enabled": false,
            "cache_control": "",
            "checksum_algorithm": null,
            "checksum_crc32": "",
            "checksum_crc32c": "",
            "checksum_crc64nvme": "",
            "checksum_sha1": "",
            "checksum_sha256": "",
            "content": null,
            "content_base64": null,
            "content_disposition": "",
            "content_encoding": "",
            "content_language": "",
            "content_type": "application/octet-stream",
            "etag": "d41d8cd98f00b204e9800998ecf8427e",
            "force_destroy": false,
            "id": "assignement-bucket-fadi7-2/fsf",
            "key": "fsf",
            "kms_key_id": null,
            "metadata": null,
            "object_lock_legal_hold_status": "",
            "object_lock_mode": "",
            "object_lock_retain_until_date": "",
            "override_provider": [],
            "region": "eu-central-1",
            "server_side_encryption": "AES256",
            "source": "./sample_files/fsf",
            "source_hash": null,
            "storage_class": "STANDARD",
            "tags": null,
            "tags_all": {},
            "version_id": "",
            "website_redirect": ""
          },
          "sensitive_attributes": [],
          "identity_schema_version": 0,
          "identity": {
            "account_id": "992824239500",
            "bucket": "assignement-bucket-fadi7-2",
            "key": "fsf",
            "region": "eu-central-1"
          },
          "private": "bnVsbA==",
          "dependencies": [
            "aws_s3_bucket.assign_bucket"
          ]
        },
        {
          "index_key": "test.txt",
          "schema_version": 0,
          "attributes": {
            "acl": null,
            "arn": "arn:aws:s3:::assignement-bucket-fadi7-2/test.txt",
            "bucket": "assignement-bucket-fadi7-2",
            "bucket_key_enabled": false,
            "cache_control": "",
            "checksum_algorithm": null,
            "checksum_crc32": "",
            "checksum_crc32c": "",
            "checksum_crc64nvme": "",
            "checksum_sha1": "",
            "checksum_sha256": "",
            "content": null,
            "content_base64": null,
            "content_disposition": "",
            "content_encoding": "",
            "content_language": "",
            "content_type": "application/octet-stream",
            "etag": "11d5a4bc5bdf7b38a3ef83fd165ad7c3",
            "force_destroy": false,
            "id": "assignement-bucket-fadi7-2/test.txt",
            "key": "test.txt",
            "kms_key_id": null,
            "metadata": null,
            "object_lock_legal_hold_status": "",
            "object_lock_mode": "",
            "object_lock_retain_until_date": "",
            "override_provider": [],
            "region": "eu-central-1",
            "server_side_encryption": "AES256",
            "source": "./sample_files/test.txt",
            "source_hash": null,
            "storage_class": "STANDARD",
            "tags": null,
            "tags_all": {},
            "version_id": "",
            "website_redirect": ""
          },
          "sensitive_attributes": [],
          "identity_schema_version": 0,
          "identity": {
            "account_id": "992824239500",
            "bucket": "assignement-bucket-fadi7-2",
            "key": "test.txt",
            "region": "eu-central-1"
          },
          "private": "bnVsbA==",
          "dependencies": [
            "aws_s3_bucket.assign_bucket"
          ]
        },
        {
          "index_key": "test2.txt",
          "schema_version": 0,
          "attributes": {
            "acl": null,
            "arn": "arn:aws:s3:::assignement-bucket-fadi7-2/test2.txt",
            "bucket": "assignement-bucket-fadi7-2",
            "bucket_key_enabled": false,
            "cache_control": "",
            "checksum_algorithm": null,
            "checksum_crc32": "",
            "checksum_crc32c": "",
            "checksum_crc64nvme": "",
            "checksum_sha1": "",
            "checksum_sha256": "",
            "content": null,
            "content_base64": null,
            "content_disposition": "",
            "content_encoding": "",
            "content_language": "",
            "content_type": "application/octet-stream",
            "etag": "33030288c560cdc8b5934d1d96355bab",
            "force_destroy": false,
            "id": "assignement-bucket-fadi7-2/test2.txt",
            "key": "test2.txt",
            "kms_key_id": null,
            "metadata": null,
            "object_lock_legal_hold_status": "",
            "object_lock_mode": "",
            "object_lock_retain_until_date": "",
            "override_provider": [],
            "region": "eu-central-1",
            "server_side_encryption": "AES256",
            "source": "./sample_files/test2.txt",
            "source_hash": null,
            "storage_class": "STANDARD",
            "tags": null,
            "tags_all": {},
            "version_id": "",
            "website_redirect": ""
          },
          "sensitive_attributes": [],
          "identity_schema_version": 0,
          "identity": {
            "account_id": "992824239500",
            "bucket": "assignement-bucket-fadi7-2",
            "key": "test2.txt",
            "region": "eu-central-1"
          },
          "private": "bnVsbA==",
          "dependencies": [
            "aws_s3_bucket.assign_bucket"
          ]
        },
        {
          "index_key": "test3.txt",
          "schema_version": 0,
          "attributes": {
            "acl": null,
            "arn": "arn:aws:s3:::assignement-bucket-fadi7-2/test3.txt",
            "bucket": "assignement-bucket-fadi7-2",
            "bucket_key_enabled": false,
            "cache_control": "",
            "checksum_algorithm": null,
            "checksum_crc32": "",
            "checksum_crc32c": "",
            "checksum_crc64nvme": "",
            "checksum_sha1": "",
            "checksum_sha256": "",
            "content": null,
            "content_base64": null,
            "content_disposition": "",
            "content_encoding": "",
            "content_language": "",
            "content_type": "application/octet-stream",
            "etag": "d41d8cd98f00b204e9800998ecf8427e",
            "force_destroy": false,
            "id": "assignement-bucket-fadi7-2/test3.txt",
            "key": "test3.txt",
            "kms_key_id": null,
            "metadata": null,
            "object_lock_legal_hold_status": "",
            "object_lock_mode": "",
            "object_lock_retain_until_date": "",
            "override_provider": [],
            "region": "eu-central-1",
            "server_side_encryption": "AES256",
            "source": "./sample_files/test3.txt",
            "source_hash": null,
            "storage_class": "STANDARD",
            "tags": null,
            "tags_all": {},
            "version_id": "",
            "website_redirect": ""
          },
          "sensitive_attributes": [],
          "identity_schema_version": 0,
          "identity": {
            "account_id": "992824239500",
            "bucket": "assignement-bucket-fadi7-2",
            "key": "test3.txt",
            "region": "eu-central-1"
          },
          "private": "bnVsbA==",
          "dependencies": [
            "aws_s3_bucket.assign_bucket"
          ]
        },
        {
          "index_key": "test4",
          "schema_version": 0,
          "attributes": {
            "acl": null,
            "arn": "arn:aws:s3:::assignement-bucket-fadi7-2/test4",
            "bucket": "assignement-bucket-fadi7-2",
            "bucket_key_enabled": false,
            "cache_control": "",
            "checksum_algorithm": null,
            "checksum_crc32": "",
            "checksum_crc32c": "",
            "checksum_crc64nvme": "",
            "checksum_sha1": "",
            "checksum_sha256": "",
            "content": null,
            "content_base64": null,
            "content_disposition": "",
            "content_encoding": "",
            "content_language": "",
            "content_type": "application/octet-stream",
            "etag": "d41d8cd98f00b204e9800998ecf8427e",
            "force_destroy": false,
            "id": "assignement-bucket-fadi7-2/test4",
            "key": "test4",
            "kms_key_id": null,
            "metadata": null,
            "object_lock_legal_hold_status": "",
            "object_lock_mode": "",
            "object_lock_retain_until_date": "",
            "override_provider": [],
            "region": "eu-central-1",
            "server_side_encryption": "AES256",
            "source": "./sample_files/test4",
            "source_hash": null,
            "storage_class": "STANDARD",
            "tags": null,
            "tags_all": {},
            "version_id": "",
            "website_redirect": ""
          },
          "sensitive_attributes": [],
          "identity_schema_version": 0,
          "identity": {
            "account_id": "992824239500",
            "bucket": "assignement-bucket-fadi7-2",
            "key": "test4",
            "region": "eu-central-1"
          },
          "private": "bnVsbA==",
          "dependencies": [
            "aws_s3_bucket.assign_bucket"
          ]
        },
        {
          "index_key": "test5Lambda.txt",
          "schema_version": 0,
          "attributes": {
            "acl": null,
            "arn": "arn:aws:s3:::assignement-bucket-fadi7-2/test5Lambda.txt",
            "bucket": "assignement-bucket-fadi7-2",
            "bucket_key_enabled": false,
            "cache_control": "",
            "checksum_algorithm": null,
            "checksum_crc32": "",
            "checksum_crc32c": "",
            "checksum_crc64nvme": "",
            "checksum_sha1": "",
            "checksum_sha256": "",
            "content": null,
            "content_base64": null,
            "content_disposition": "",
            "content_encoding": "",
            "content_language": "",
            "content_type": "application/octet-stream",
            "etag": "d41d8cd98f00b204e9800998ecf8427e",
            "force_destroy": false,
            "id": "assignement-bucket-fadi7-2/test5Lambda.txt",
            "key": "test5Lambda.txt",
            "kms_key_id": null,
            "metadata": null,
            "object_lock_legal_hold_status": "",
            "object_lock_mode": "",
            "object_lock_retain_until_date": "",
            "override_provider": [],
            "region": "eu-central-1",
            "server_side_encryption": "AES256",
            "source": "./sample_files/test5Lambda.txt",
            "source_hash": null,
            "storage_class": "STANDARD",
            "tags": null,
            "tags_all": {},
            "version_id": "",
            "website_redirect": ""
          },
          "sensitive_attributes": [],
          "identity_schema_version": 0,
          "identity": {
            "account_id": "992824239500",
            "bucket": "assignement-bucket-fadi7-2",
            "key": "test5Lambda.txt",
            "region": "eu-central-1"
          },
          "private": "bnVsbA==",
          "dependencies": [
            "aws_s3_bucket.assign_bucket"
          ]
        },
        {
          "index_key": "test666",
          "schema_version": 0,
          "attributes": {
            "acl": null,
            "arn": "arn:aws:s3:::assignement-bucket-fadi7-2/test666",
            "bucket": "assignement-bucket-fadi7-2",
            "bucket_key_enabled": false,
            "cache_control": "",
            "checksum_algorithm": null,
            "checksum_crc32": "",
            "checksum_crc32c": "",
            "checksum_crc64nvme": "",
            "checksum_sha1": "",
            "checksum_sha256": "",
            "content": null,
            "content_base64": null,
            "content_disposition": "",
            "content_encoding": "",
            "content_language": "",
            "content_type": "application/octet-stream",
            "etag": "d41d8cd98f00b204e9800998ecf8427e",
            "force_destroy": false,
            "id": "assignement-bucket-fadi7-2/test666",
            "key": "test666",
            "kms_key_id": null,
            "metadata": null,
            "object_lock_legal_hold_status": "",
            "object_lock_mode": "",
            "object_lock_retain_until_date": "",
            "override_provider": [],
            "region": "eu-central-1",
            "server_side_encryption": "AES256",
            "source": "./sample_files/test666",
            "source_hash": null,
            "storage_class": "STANDARD",
            "tags": null,
            "tags_all": {},
            "version_id": "",
            "website_redirect": ""
          },
          "sensitive_attributes": [],
          "identity_schema_version": 0,
          "identity": {
            "account_id": "992824239500",
            "bucket": "assignement-bucket-fadi7-2",
            "key": "test666",
            "region": "eu-central-1"
          },
          "private": "bnVsbA==",
          "dependencies": [
            "aws_s3_bucket.assign_bucket"
          ]
        },
        {
          "index_key": "testtetst",
          "schema_version": 0,
          "attributes": {
            "acl": null,
            "arn": "arn:aws:s3:::assignement-bucket-fadi7-2/testtetst",
            "bucket": "assignement-bucket-fadi7-2",
            "bucket_key_enabled": false,
            "cache_control": "",
            "checksum_algorithm": null,
            "checksum_crc32": "",
            "checksum_crc32c": "",
            "checksum_crc64nvme": "",
            "checksum_sha1": "",
            "checksum_sha256": "",
            "content": null,
            "content_base64": null,
            "content_disposition": "",
            "content_encoding": "",
            "content_language": "",
            "content_type": "application/octet-stream",
            "etag": "d41d8cd98f00b204e9800998ecf8427e",
            "force_destroy": false,
            "id": "assignement-bucket-fadi7-2/testtetst",
            "key": "testtetst",
            "kms_key_id": null,
            "metadata": null,
            "object_lock_legal_hold_status": "",
            "object_lock_mode": "",
            "object_lock_retain_until_date": "",
            "override_provider": [],
            "region": "eu-central-1",
            "server_side_encryption": "AES256",
            "source": "./sample_files/testtetst",
            "source_hash": null,
            "storage_class": "STANDARD",
            "tags": null,
            "tags_all": {},
            "version_id": "",
            "website_redirect": ""
          },
          "sensitive_attributes": [],
          "identity_schema_version": 0,
          "identity": {
            "account_id": "992824239500",
            "bucket": "assignement-bucket-fadi7-2",
            "key": "testtetst",
            "region": "eu-central-1"
          },
          "private": "bnVsbA==",
          "dependencies": [
            "aws_s3_bucket.assign_bucket"
          ]
        }
      ]
    },
    {
      "mode": "managed",
      "type": "aws_sns_topic",
      "name": "assign_topic",
      "provider": "provider[\"registry.terraform.io/hashicorp/aws\"]",
      "instances": [
        {
          "schema_version": 0,
          "attributes": {
            "application_failure_feedback_role_arn": "",
            "application_success_feedback_role_arn": "",
            "application_success_feedback_sample_rate": 0,
            "archive_policy": "",
            "arn": "arn:aws:sns:eu-central-1:992824239500:user-notifications",
            "beginning_archive_time": "",
            "content_based_deduplication": false,
            "delivery_policy": "",
            "display_name": "",
            "fifo_throughput_scope": "",
            "fifo_topic": false,
            "firehose_failure_feedback_role_arn": "",
            "firehose_success_feedback_role_arn": "",
            "firehose_success_feedback_sample_rate": 0,
            "http_failure_feedback_role_arn": "",
            "http_success_feedback_role_arn": "",
            "http_success_feedback_sample_rate": 0,
            "id": "arn:aws:sns:eu-central-1:992824239500:user-notifications",
            "kms_master_key_id": "",
            "lambda_failure_feedback_role_arn": "",
            "lambda_success_feedback_role_arn": "",
            "lambda_success_feedback_sample_rate": 0,
            "name": "user-notifications",
            "name_prefix": "",
            "owner": "992824239500",
            "policy": "{\"Id\":\"__default_policy_ID\",\"Statement\":[{\"Action\":[\"SNS:GetTopicAttributes\",\"SNS:SetTopicAttributes\",\"SNS:AddPermission\",\"SNS:RemovePermission\",\"SNS:DeleteTopic\",\"SNS:Subscribe\",\"SNS:ListSubscriptionsByTopic\",\"SNS:Publish\"],\"Condition\":{\"StringEquals\":{\"AWS:SourceOwner\":\"992824239500\"}},\"Effect\":\"Allow\",\"Principal\":{\"AWS\":\"*\"},\"Resource\":\"arn:aws:sns:eu-central-1:992824239500:user-notifications\",\"Sid\":\"__default_statement_ID\"}],\"Version\":\"2008-10-17\"}",
            "region": "eu-central-1",
            "signature_version": 0,
            "sqs_failure_feedback_role_arn": "",
            "sqs_success_feedback_role_arn": "",
            "sqs_success_feedback_sample_rate": 0,
            "tags": null,
            "tags_all": {},
            "tracing_config": ""
          },
          "sensitive_attributes": [],
          "identity_schema_version": 0,
          "private": "bnVsbA=="
        }
      ]
    },
    {
      "mode": "managed",
      "type": "aws_sns_topic_subscription",
      "name": "user_updates",
      "provider": "provider[\"registry.terraform.io/hashicorp/aws\"]",
      "instances": [
        {
          "schema_version": 0,
          "attributes": {
            "arn": "arn:aws:sns:eu-central-1:992824239500:user-notifications:e38c207b-b3d9-494e-bbc9-91655fccb16c",
            "confirmation_timeout_in_minutes": 1,
            "confirmation_was_authenticated": false,
            "delivery_policy": "",
            "endpoint": "fadeyaseen3@gmail.com",
            "endpoint_auto_confirms": false,
            "filter_policy": "",
            "filter_policy_scope": "",
            "id": "arn:aws:sns:eu-central-1:992824239500:user-notifications:e38c207b-b3d9-494e-bbc9-91655fccb16c",
            "owner_id": "992824239500",
            "pending_confirmation": true,
            "protocol": "email",
            "raw_message_delivery": false,
            "redrive_policy": "",
            "region": "eu-central-1",
            "replay_policy": "",
            "subscription_role_arn": "",
            "topic_arn": "arn:aws:sns:eu-central-1:992824239500:user-notifications"
          },
          "sensitive_attributes": [],
          "identity_schema_version": 0,
          "private": "bnVsbA==",
          "dependencies": [
            "aws_sns_topic.assign_topic"
          ]
        }
      ]
    }
  ],
  "check_results": null
}
